
Microsoft Visual Studio Solution File, Format Version 12.00
# Visual Studio Version 17
VisualStudioVersion = 17.11.35327.3
MinimumVisualStudioVersion = 10.0.40219.1
Project("{9A19103F-16F7-4668-BE54-9A1E7A4F7556}") = "SimpleCommands", "SimpleCommands\SimpleCommands.csproj", "{EE9F0E39-3700-46B6-9997-115003B37F10}"
EndProject
Project("{FAE04EC0-301F-11D3-BF4B-00C04F79EFBC}") = "Test", "Test\Test.csproj", "{D9621804-FD09-4047-9CF1-478A15FF7879}"
EndProject
Global
	GlobalSection(SolutionConfigurationPlatforms) = preSolution
		Debug|Any CPU = Debug|Any CPU
		Release|Any CPU = Release|Any CPU
	EndGlobalSection
	GlobalSection(ProjectConfigurationPlatforms) = postSolution
		{EE9F0E39-3700-46B6-9997-115003B37F10}.Debug|Any CPU.ActiveCfg = Debug|Any CPU
		{EE9F0E39-3700-46B6-9997-115003B37F10}.Debug|Any CPU.Build.0 = Debug|Any CPU
		{EE9F0E39-3700-46B6-9997-115003B37F10}.Release|Any CPU.ActiveCfg = Release|Any CPU
		{EE9F0E39-3700-46B6-9997-115003B37F10}.Release|Any CPU.Build.0 = Release|Any CPU
		{D9621804-FD09-4047-9CF1-478A15FF7879}.Debug|Any CPU.ActiveCfg = Debug|Any CPU
		{D9621804-FD09-4047-9CF1-478A15FF7879}.Debug|Any CPU.Build.0 = Debug|Any CPU
		{D9621804-FD09-4047-9CF1-478A15FF7879}.Release|Any CPU.ActiveCfg = Release|Any CPU
		{D9621804-FD09-4047-9CF1-478A15FF7879}.Release|Any CPU.Build.0 = Release|Any CPU
	EndGlobalSection
	GlobalSection(SolutionProperties) = preSolution
		HideSolutionNode = FALSE
	EndGlobalSection
	GlobalSection(ExtensibilityGlobals) = postSolution
		SolutionGuid = {4534E3E1-1817-4B6F-B1AE-DBF5479F65B9}
	EndGlobalSection
EndGlobal
